PODS:
  - FBSnapshotTestCase (2.1.4):
    - FBSnapshotTestCase/SwiftSupport (= 2.1.4)
  - FBSnapshotTestCase/Core (2.1.4)
  - FBSnapshotTestCase/SwiftSupport (2.1.4):
    - FBSnapshotTestCase/Core
  - YWDialog (0.1.0)

DEPENDENCIES:
  - FBSnapshotTestCase
  - YWDialog (from `../`)

SPEC REPOS:
  https://github.com/CocoaPods/Specs.git:
    - FBSnapshotTestCase

EXTERNAL SOURCES:
  YWDialog:
    :path: "../"

SPEC CHECKSUMS:
  FBSnapshotTestCase: 094f9f314decbabe373b87cc339bea235a63e07a
  YWDialog: bf1e2c1e49912250303d46350a157772bea4c6a1

PODFILE CHECKSUM: 8046246c9aaa695548ce99548d5d96732ee31504

COCOAPODS: 1.5.0
